
Microsoft Visual Studio Solution File, Format Version 12.00
# Visual Studio Version 16
VisualStudioVersion = 16.0.33423.256
MinimumVisualStudioVersion = 10.0.40219.1
Project("{FAE04EC0-301F-11D3-BF4B-00C04F79EFBC}") = "23.3_itsenainentehtava", "23.3_itsenainentehtava\23.3_itsenainentehtava.csproj", "{4A8CE48E-B422-458A-8251-D77A791ECEFA}"
EndProject
Global
	GlobalSection(SolutionConfigurationPlatforms) = preSolution
		Debug|Any CPU = Debug|Any CPU
		Release|Any CPU = Release|Any CPU
	EndGlobalSection
	GlobalSection(ProjectConfigurationPlatforms) = postSolution
		{4A8CE48E-B422-458A-8251-D77A791ECEFA}.Debug|Any CPU.ActiveCfg = Debug|Any CPU
		{4A8CE48E-B422-458A-8251-D77A791ECEFA}.Debug|Any CPU.Build.0 = Debug|Any CPU
		{4A8CE48E-B422-458A-8251-D77A791ECEFA}.Release|Any CPU.ActiveCfg = Release|Any CPU
		{4A8CE48E-B422-458A-8251-D77A791ECEFA}.Release|Any CPU.Build.0 = Release|Any CPU
	EndGlobalSection
	GlobalSection(SolutionProperties) = preSolution
		HideSolutionNode = FALSE
	EndGlobalSection
	GlobalSection(ExtensibilityGlobals) = postSolution
		SolutionGuid = {A5315D84-4040-4E79-8B0E-9688EB5A49A8}
	EndGlobalSection
EndGlobal
